
Microsoft Visual Studio Solution File, Format Version 12.00
# Visual Studio Version 17
VisualStudioVersion = 17.4.32916.344
MinimumVisualStudioVersion = 10.0.40219.1
Project("{FAE04EC0-301F-11D3-BF4B-00C04F79EFBC}") = "pickuphockey", "pickuphockey\pickuphockey.csproj", "{BF0624E1-2DC2-45FD-AA9A-1E2167AAA171}"
EndProject
Project("{FAE04EC0-301F-11D3-BF4B-00C04F79EFBC}") = "pickuphockey.Tests", "pickuphockey.Tests\pickuphockey.Tests.csproj", "{C576A452-E9A3-43C0-9A71-76FCEA2B63FB}"
EndProject
Project("{2150E333-8FDC-42A3-9474-1A3956D46DE8}") = "PublishScripts", "PublishScripts", "{4008F6B9-DAFB-47A4-8EBE-B5AF826CF5FC}"
	ProjectSection(SolutionItems) = preProject
		PublishScripts\AzureWebsitePublishModule.psm1 = PublishScripts\AzureWebsitePublishModule.psm1
		PublishScripts\Publish-WebApplicationWebsite.ps1 = PublishScripts\Publish-WebApplicationWebsite.ps1
	EndProjectSection
EndProject
Project("{2150E333-8FDC-42A3-9474-1A3956D46DE8}") = "Configurations", "Configurations", "{23A37F77-127B-400F-8395-2F1E5D96D810}"
	ProjectSection(SolutionItems) = preProject
		PublishScripts\Configurations\pickuphockey-WAWS-dev.json = PublishScripts\Configurations\pickuphockey-WAWS-dev.json
	EndProjectSection
EndProject
Project("{2150E333-8FDC-42A3-9474-1A3956D46DE8}") = "Solution Items", "Solution Items", "{52E376DF-47FB-470F-80C2-096B3D851855}"
	ProjectSection(SolutionItems) = preProject
		.github\workflows\codeql.yml = .github\workflows\codeql.yml
		scripts\LoadRegularSet.sql = scripts\LoadRegularSet.sql
		README.md = README.md
		scripts\Reports.sql = scripts\Reports.sql
		scripts\Updates.sql = scripts\Updates.sql
	EndProjectSection
EndProject
Project("{FAE04EC0-301F-11D3-BF4B-00C04F79EFBC}") = "pickuphockey.Functions", "pickuphockey.Functions\pickuphockey.Functions.csproj", "{2AE362DE-80A9-4503-A99D-77AE42BFFEA6}"
EndProject
Global
	GlobalSection(SolutionConfigurationPlatforms) = preSolution
		Debug|Any CPU = Debug|Any CPU
		Release|Any CPU = Release|Any CPU
	EndGlobalSection
	GlobalSection(ProjectConfigurationPlatforms) = postSolution
		{BF0624E1-2DC2-45FD-AA9A-1E2167AAA171}.Debug|Any CPU.ActiveCfg = Debug|Any CPU
		{BF0624E1-2DC2-45FD-AA9A-1E2167AAA171}.Debug|Any CPU.Build.0 = Debug|Any CPU
		{BF0624E1-2DC2-45FD-AA9A-1E2167AAA171}.Release|Any CPU.ActiveCfg = Release|Any CPU
		{BF0624E1-2DC2-45FD-AA9A-1E2167AAA171}.Release|Any CPU.Build.0 = Release|Any CPU
		{C576A452-E9A3-43C0-9A71-76FCEA2B63FB}.Debug|Any CPU.ActiveCfg = Debug|Any CPU
		{C576A452-E9A3-43C0-9A71-76FCEA2B63FB}.Debug|Any CPU.Build.0 = Debug|Any CPU
		{C576A452-E9A3-43C0-9A71-76FCEA2B63FB}.Release|Any CPU.ActiveCfg = Release|Any CPU
		{C576A452-E9A3-43C0-9A71-76FCEA2B63FB}.Release|Any CPU.Build.0 = Release|Any CPU
		{2AE362DE-80A9-4503-A99D-77AE42BFFEA6}.Debug|Any CPU.ActiveCfg = Debug|Any CPU
		{2AE362DE-80A9-4503-A99D-77AE42BFFEA6}.Debug|Any CPU.Build.0 = Debug|Any CPU
		{2AE362DE-80A9-4503-A99D-77AE42BFFEA6}.Release|Any CPU.ActiveCfg = Release|Any CPU
		{2AE362DE-80A9-4503-A99D-77AE42BFFEA6}.Release|Any CPU.Build.0 = Release|Any CPU
	EndGlobalSection
	GlobalSection(SolutionProperties) = preSolution
		HideSolutionNode = FALSE
	EndGlobalSection
	GlobalSection(NestedProjects) = preSolution
		{23A37F77-127B-400F-8395-2F1E5D96D810} = {4008F6B9-DAFB-47A4-8EBE-B5AF826CF5FC}
	EndGlobalSection
	GlobalSection(ExtensibilityGlobals) = postSolution
		SolutionGuid = {8428A69F-DC6E-4641-A7E3-8E1B1C4C7DB0}
	EndGlobalSection
EndGlobal
